// !$*UTF8*$!
{
	archiveVersion = 1;
	classes = {
	};
	objectVersion = 46;
	objects = {

/* Begin PBXBuildFile section */
		C479544C1E60247C003F6823 /* XFunctDataService.m in Sources */ = {isa = PBXBuildFile; fileRef = C479544B1E60247C003F6823 /* XFunctDataService.m */; };
		C479544F1E603F5C003F6823 /* DViewController.m in Sources */ = {isa = PBXBuildFile; fileRef = C479544E1E603F5C003F6823 /* DViewController.m */; };
		C4E3D88D1E5ECB3900E0D323 /* main.m in Sources */ = {isa = PBXBuildFile; fileRef = C4E3D88C1E5ECB3900E0D323 /* main.m */; };
		C4E3D8901E5ECB3900E0D323 /* AppDelegate.m in Sources */ = {isa = PBXBuildFile; fileRef = C4E3D88F1E5ECB3900E0D323 /* AppDelegate.m */; };
		C4E3D8931E5ECB3900E0D323 /* ViewController.m in Sources */ = {isa = PBXBuildFile; fileRef = C4E3D8921E5ECB3900E0D323 /* ViewController.m */; };
		C4E3D8961E5ECB3900E0D323 /* Main.storyboard in Resources */ = {isa = PBXBuildFile; fileRef = C4E3D8941E5ECB3900E0D323 /* Main.storyboard */; };
		C4E3D8981E5ECB3900E0D323 /* Assets.xcassets in Resources */ = {isa = PBXBuildFile; fileRef = C4E3D8971E5ECB3900E0D323 /* Assets.xcassets */; };
		C4E3D89B1E5ECB3900E0D323 /* LaunchScreen.storyboard in Resources */ = {isa = PBXBuildFile; fileRef = C4E3D8991E5ECB3900E0D323 /* LaunchScreen.storyboard */; };
		C4E3D8A51E5EE42400E0D323 /* XDataService.m in Sources */ = {isa = PBXBuildFile; fileRef = C4E3D8A41E5EE42400E0D323 /* XDataService.m */; };
/* End PBXBuildFile section */

/* Begin PBXFileReference section */
		C479544A1E60247C003F6823 /* XFunctDataService.h */ = {isa = PBXFileReference; fileEncoding = 4; lastKnownFileType = sourcecode.c.h; path = XFunctDataService.h; sourceTree = "<group>"; };
		C479544B1E60247C003F6823 /* XFunctDataService.m */ = {isa = PBXFileReference; fileEncoding = 4; lastKnownFileType = sourcecode.c.objc; path = XFunctDataService.m; sourceTree = "<group>"; };
		C479544D1E603F5C003F6823 /* DViewController.h */ = {isa = PBXFileReference; fileEncoding = 4; lastKnownFileType = sourcecode.c.h; path = DViewController.h; sourceTree = "<group>"; };
		C479544E1E603F5C003F6823 /* DViewController.m */ = {isa = PBXFileReference; fileEncoding = 4; lastKnownFileType = sourcecode.c.objc; path = DViewController.m; sourceTree = "<group>"; };
		C4E3D8881E5ECB3900E0D323 /* MyNetwork.app */ = {isa = PBXFileReference; explicitFileType = wrapper.application; includeInIndex = 0; path = MyNetwork.app; sourceTree = BUILT_PRODUCTS_DIR; };
		C4E3D88C1E5ECB3900E0D323 /* main.m */ = {isa = PBXFileReference; lastKnownFileType = sourcecode.c.objc; path = main.m; sourceTree = "<group>"; };
		C4E3D88E1E5ECB3900E0D323 /* AppDelegate.h */ = {isa = PBXFileReference; lastKnownFileType = sourcecode.c.h; path = AppDelegate.h; sourceTree = "<group>"; };
		C4E3D88F1E5ECB3900E0D323 /* AppDelegate.m */ = {isa = PBXFileReference; lastKnownFileType = sourcecode.c.objc; path = AppDelegate.m; sourceTree = "<group>"; };
		C4E3D8911E5ECB3900E0D323 /* ViewController.h */ = {isa = PBXFileReference; lastKnownFileType = sourcecode.c.h; path = ViewController.h; sourceTree = "<group>"; };
		C4E3D8921E5ECB3900E0D323 /* ViewController.m */ = {isa = PBXFileReference; lastKnownFileType = sourcecode.c.objc; path = ViewController.m; sourceTree = "<group>"; };
		C4E3D8951E5ECB3900E0D323 /* Base */ = {isa = PBXFileReference; lastKnownFileType = file.storyboard; name = Base; path = Base.lproj/Main.storyboard; sourceTree = "<group>"; };
		C4E3D8971E5ECB3900E0D323 /* Assets.xcassets */ = {isa = PBXFileReference; lastKnownFileType = folder.assetcatalog; path = Assets.xcassets; sourceTree = "<group>"; };
		C4E3D89A1E5ECB3900E0D323 /* Base */ = {isa = PBXFileReference; lastKnownFileType = file.storyboard; name = Base; path = Base.lproj/LaunchScreen.storyboard; sourceTree = "<group>"; };
		C4E3D89C1E5ECB3900E0D323 /* Info.plist */ = {isa = PBXFileReference; lastKnownFileType = text.plist.xml; path = Info.plist; sourceTree = "<group>"; };
		C4E3D8A31E5EE42400E0D323 /* XDataService.h */ = {isa = PBXFileReference; fileEncoding = 4; lastKnownFileType = sourcecode.c.h; path = XDataService.h; sourceTree = "<group>"; };
		C4E3D8A41E5EE42400E0D323 /* XDataService.m */ = {isa = PBXFileReference; fileEncoding = 4; lastKnownFileType = sourcecode.c.objc; path = XDataService.m; sourceTree = "<group>"; };
/* End PBXFileReference section */

/* Begin PBXFrameworksBuildPhase section */
		C4E3D8851E5ECB3900E0D323 /* Frameworks */ = {
			isa = PBXFrameworksBuildPhase;
			buildActionMask = 2147483647;
			files = (
			);
			runOnlyForDeploymentPostprocessing = 0;
		};
/* End PBXFrameworksBuildPhase section */

/* Begin PBXGroup section */
		C4E3D87F1E5ECB3900E0D323 = {
			isa = PBXGroup;
			children = (
				C4E3D88A1E5ECB3900E0D323 /* MyNetwork */,
				C4E3D8891E5ECB3900E0D323 /* Products */,
			);
			sourceTree = "<group>";
		};
		C4E3D8891E5ECB3900E0D323 /* Products */ = {
			isa = PBXGroup;
			children = (
				C4E3D8881E5ECB3900E0D323 /* MyNetwork.app */,
			);
			name = Products;
			sourceTree = "<group>";
		};
		C4E3D88A1E5ECB3900E0D323 /* MyNetwork */ = {
			isa = PBXGroup;
			children = (
				C4E3D8A21E5EE3F700E0D323 /* XNetwork */,
				C4E3D88E1E5ECB3900E0D323 /* AppDelegate.h */,
				C4E3D88F1E5ECB3900E0D323 /* AppDelegate.m */,
				C4E3D8911E5ECB3900E0D323 /* ViewController.h */,
				C4E3D8921E5ECB3900E0D323 /* ViewController.m */,
				C479544D1E603F5C003F6823 /* DViewController.h */,
				C479544E1E603F5C003F6823 /* DViewController.m */,
				C4E3D8941E5ECB3900E0D323 /* Main.storyboard */,
				C4E3D8971E5ECB3900E0D323 /* Assets.xcassets */,
				C4E3D8991E5ECB3900E0D323 /* LaunchScreen.storyboard */,
				C4E3D89C1E5ECB3900E0D323 /* Info.plist */,
				C4E3D88B1E5ECB3900E0D323 /* Supporting Files */,
			);
			path = MyNetwork;
			sourceTree = "<group>";
		};
		C4E3D88B1E5ECB3900E0D323 /* Supporting Files */ = {
			isa = PBXGroup;
			children = (
				C4E3D88C1E5ECB3900E0D323 /* main.m */,
			);
			name = "Supporting Files";
			sourceTree = "<group>";
		};
		C4E3D8A21E5EE3F700E0D323 /* XNetwork */ = {
			isa = PBXGroup;
			children = (
				C4E3D8A31E5EE42400E0D323 /* XDataService.h */,
				C4E3D8A41E5EE42400E0D323 /* XDataService.m */,
				C479544A1E60247C003F6823 /* XFunctDataService.h */,
				C479544B1E60247C003F6823 /* XFunctDataService.m */,
			);
			path = XNetwork;
			sourceTree = "<group>";
		};
/* End PBXGroup section */

/* Begin PBXNativeTarget section */
		C4E3D8871E5ECB3900E0D323 /* MyNetwork */ = {
			isa = PBXNativeTarget;
			buildConfigurationList = C4E3D89F1E5ECB3900E0D323 /* Build configuration list for PBXNativeTarget "MyNetwork" */;
			buildPhases = (
				C4E3D8841E5ECB3900E0D323 /* Sources */,
				C4E3D8851E5ECB3900E0D323 /* Frameworks */,
				C4E3D8861E5ECB3900E0D323 /* Resources */,
			);
			buildRules = (
			);
			dependencies = (
			);
			name = MyNetwork;
			productName = MyNetwork;
			productReference = C4E3D8881E5ECB3900E0D323 /* MyNetwork.app */;
			productType = "com.apple.product-type.application";
		};
/* End PBXNativeTarget section */

/* Begin PBXProject section */
		C4E3D8801E5ECB3900E0D323 /* Project object */ = {
			isa = PBXProject;
			attributes = {
				LastUpgradeCheck = 0820;
				ORGANIZATIONNAME = Eonman;
				TargetAttributes = {
					C4E3D8871E5ECB3900E0D323 = {
						CreatedOnToolsVersion = 8.2.1;
						DevelopmentTeam = LG9VD3U6LB;
						ProvisioningStyle = Automatic;
					};
				};
			};
			buildConfigurationList = C4E3D8831E5ECB3900E0D323 /* Build configuration list for PBXProject "MyNetwork" */;
			compatibilityVersion = "Xcode 3.2";
			developmentRegion = English;
			hasScannedForEncodings = 0;
			knownRegions = (
				en,
				Base,
			);
			mainGroup = C4E3D87F1E5ECB3900E0D323;
			productRefGroup = C4E3D8891E5ECB3900E0D323 /* Products */;
			projectDirPath = "";
			projectRoot = "";
			targets = (
				C4E3D8871E5ECB3900E0D323 /* MyNetwork */,
			);
		};
/* End PBXProject section */

/* Begin PBXResourcesBuildPhase section */
		C4E3D8861E5ECB3900E0D323 /* Resources */ = {
			isa = PBXResourcesBuildPhase;
			buildActionMask = 2147483647;
			files = (
				C4E3D89B1E5ECB3900E0D323 /* LaunchScreen.storyboard in Resources */,
				C4E3D8981E5ECB3900E0D323 /* Assets.xcassets in Resources */,
				C4E3D8961E5ECB3900E0D323 /* Main.storyboard in Resources */,
			);
			runOnlyForDeploymentPostprocessing = 0;
		};
/* End PBXResourcesBuildPhase section */

/* Begin PBXSourcesBuildPhase section */
		C4E3D8841E5ECB3900E0D323 /* Sources */ = {
			isa = PBXSourcesBuildPhase;
			buildActionMask = 2147483647;
			files = (
				C4E3D8A51E5EE42400E0D323 /* XDataService.m in Sources */,
				C479544C1E60247C003F6823 /* XFunctDataService.m in Sources */,
				C4E3D8931E5ECB3900E0D323 /* ViewController.m in Sources */,
				C479544F1E603F5C003F6823 /* DViewController.m in Sources */,
				C4E3D8901E5ECB3900E0D323 /* AppDelegate.m in Sources */,
				C4E3D88D1E5ECB3900E0D323 /* main.m in Sources */,
			);
			runOnlyForDeploymentPostprocessing = 0;
		};
/* End PBXSourcesBuildPhase section */

/* Begin PBXVariantGroup section */
		C4E3D8941E5ECB3900E0D323 /* Main.storyboard */ = {
			isa = PBXVariantGroup;
			children = (
				C4E3D8951E5ECB3900E0D323 /* Base */,
			);
			name = Main.storyboard;
			sourceTree = "<group>";
		};
		C4E3D8991E5ECB3900E0D323 /* LaunchScreen.storyboard */ = {
			isa = PBXVariantGroup;
			children = (
				C4E3D89A1E5ECB3900E0D323 /* Base */,
			);
			name = LaunchScreen.storyboard;
			sourceTree = "<group>";
		};
/* End PBXVariantGroup section */

/* Begin XCBuildConfiguration section */
		C4E3D89D1E5ECB3900E0D323 /* Debug */ = {
			isa = XCBuildConfiguration;
			buildSettings = {
				ALWAYS_SEARCH_USER_PATHS = NO;
				CLANG_ANALYZER_NONNULL = YES;
				CLANG_CXX_LANGUAGE_STANDARD = "gnu++0x";
				CLANG_CXX_LIBRARY = "libc++";
				CLANG_ENABLE_MODULES = YES;
				CLANG_ENABLE_OBJC_ARC = YES;
				CLANG_WARN_BOOL_CONVERSION = YES;
				CLANG_WARN_CONSTANT_CONVERSION = YES;
				CLANG_WARN_DIRECT_OBJC_ISA_USAGE = YES_ERROR;
				CLANG_WARN_DOCUMENTATION_COMMENTS = YES;
				CLANG_WARN_EMPTY_BODY = YES;
				CLANG_WARN_ENUM_CONVERSION = YES;
				CLANG_WARN_INFINITE_RECURSION = YES;
				CLANG_WARN_INT_CONVERSION = YES;
				CLANG_WARN_OBJC_ROOT_CLASS = YES_ERROR;
				CLANG_WARN_SUSPICIOUS_MOVE = YES;
				CLANG_WARN_UNREACHABLE_CODE = YES;
				CLANG_WARN__DUPLICATE_METHOD_MATCH = YES;
				"CODE_SIGN_IDENTITY[sdk=iphoneos*]" = "iPhone Developer";
				COPY_PHASE_STRIP = NO;
				DEBUG_INFORMATION_FORMAT = dwarf;
				ENABLE_STRICT_OBJC_MSGSEND = YES;
				ENABLE_TESTABILITY = YES;
				GCC_C_LANGUAGE_STANDARD = gnu99;
				GCC_DYNAMIC_NO_PIC = NO;
				GCC_NO_COMMON_BLOCKS = YES;
				GCC_OPTIMIZATION_LEVEL = 0;
				GCC_PREPROCESSOR_DEFINITIONS = (
					"DEBUG=1",
					"$(inherited)",
				);
				GCC_WARN_64_TO_32_BIT_CONVERSION = YES;
				GCC_WARN_ABOUT_RETURN_TYPE = YES_ERROR;
				GCC_WARN_UNDECLARED_SELECTOR = YES;
				GCC_WARN_UNINITIALIZED_AUTOS = YES_AGGRESSIVE;
				GCC_WARN_UNUSED_FUNCTION = YES;
				GCC_WARN_UNUSED_VARIABLE = YES;
				IPHONEOS_DEPLOYMENT_TARGET = 10.2;
				MTL_ENABLE_DEBUG_INFO = YES;
				ONLY_ACTIVE_ARCH = YES;
				SDKROOT = iphoneos;
			};
			name = Debug;
		};
		C4E3D89E1E5ECB3900E0D323 /* Release */ = {
			isa = XCBuildConfiguration;
			buildSettings = {
				ALWAYS_SEARCH_USER_PATHS = NO;
				CLANG_ANALYZER_NONNULL = YES;
				CLANG_CXX_LANGUAGE_STANDARD = "gnu++0x";
				CLANG_CXX_LIBRARY = "libc++";
				CLANG_ENABLE_MODULES = YES;
				CLANG_ENABLE_OBJC_ARC = YES;
				CLANG_WARN_BOOL_CONVERSION = YES;
				CLANG_WARN_CONSTANT_CONVERSION = YES;
				CLANG_WARN_DIRECT_OBJC_ISA_USAGE = YES_ERROR;
				CLANG_WARN_DOCUMENTATION_COMMENTS = YES;
				CLANG_WARN_EMPTY_BODY = YES;
				CLANG_WARN_ENUM_CONVERSION = YES;
				CLANG_WARN_INFINITE_RECURSION = YES;
				CLANG_WARN_INT_CONVERSION = YES;
				CLANG_WARN_OBJC_ROOT_CLASS = YES_ERROR;
				CLANG_WARN_SUSPICIOUS_MOVE = YES;
				CLANG_WARN_UNREACHABLE_CODE = YES;
				CLANG_WARN__DUPLICATE_METHOD_MATCH = YES;
				"CODE_SIGN_IDENTITY[sdk=iphoneos*]" = "iPhone Developer";
				COPY_PHASE_STRIP = NO;
				DEBUG_INFORMATION_FORMAT = "dwarf-with-dsym";
				ENABLE_NS_ASSERTIONS = NO;
				ENABLE_STRICT_OBJC_MSGSEND = YES;
				GCC_C_LANGUAGE_STANDARD = gnu99;
				GCC_NO_COMMON_BLOCKS = YES;
				GCC_WARN_64_TO_32_BIT_CONVERSION = YES;
				GCC_WARN_ABOUT_RETURN_TYPE = YES_ERROR;
				GCC_WARN_UNDECLARED_SELECTOR = YES;
				GCC_WARN_UNINITIALIZED_AUTOS = YES_AGGRESSIVE;
				GCC_WARN_UNUSED_FUNCTION = YES;
				GCC_WARN_UNUSED_VARIABLE = YES;
				IPHONEOS_DEPLOYMENT_TARGET = 10.2;
				MTL_ENABLE_DEBUG_INFO = NO;
				SDKROOT = iphoneos;
				VALIDATE_PRODUCT = YES;
			};
			name = Release;
		};
		C4E3D8A01E5ECB3900E0D323 /* Debug */ = {
			isa = XCBuildConfiguration;
			buildSettings = {
				ASSETCATALOG_COMPILER_APPICON_NAME = AppIcon;
				DEVELOPMENT_TEAM = LG9VD3U6LB;
				INFOPLIST_FILE = MyNetwork/Info.plist;
				LD_RUNPATH_SEARCH_PATHS = "$(inherited) @executable_path/Frameworks";
				PRODUCT_BUNDLE_IDENTIFIER = eon.MyNetwork;
				PRODUCT_NAME = "$(TARGET_NAME)";
			};
			name = Debug;
		};
		C4E3D8A11E5ECB3900E0D323 /* Release */ = {
			isa = XCBuildConfiguration;
			buildSettings = {
				ASSETCATALOG_COMPILER_APPICON_NAME = AppIcon;
				DEVELOPMENT_TEAM = LG9VD3U6LB;
				INFOPLIST_FILE = MyNetwork/Info.plist;
				LD_RUNPATH_SEARCH_PATHS = "$(inherited) @executable_path/Frameworks";
				PRODUCT_BUNDLE_IDENTIFIER = eon.MyNetwork;
				PRODUCT_NAME = "$(TARGET_NAME)";
			};
			name = Release;
		};
/* End XCBuildConfiguration section */

/* Begin XCConfigurationList section */
		C4E3D8831E5ECB3900E0D323 /* Build configuration list for PBXProject "MyNetwork" */ = {
			isa = XCConfigurationList;
			buildConfigurations = (
				C4E3D89D1E5ECB3900E0D323 /* Debug */,
				C4E3D89E1E5ECB3900E0D323 /* Release */,
			);
			defaultConfigurationIsVisible = 0;
			defaultConfigurationName = Release;
		};
		C4E3D89F1E5ECB3900E0D323 /* Build configuration list for PBXNativeTarget "MyNetwork" */ = {
			isa = XCConfigurationList;
			buildConfigurations = (
				C4E3D8A01E5ECB3900E0D323 /* Debug */,
				C4E3D8A11E5ECB3900E0D323 /* Release */,
			);
			defaultConfigurationIsVisible = 0;
			defaultConfigurationName = Release;
		};
/* End XCConfigurationList section */
	};
	rootObject = C4E3D8801E5ECB3900E0D323 /* Project object */;
}
